
Microsoft Visual Studio Solution File, Format Version 12.00
# Visual Studio Version 17
VisualStudioVersion = 17.1.32407.343
MinimumVisualStudioVersion = 10.0.40219.1
Project("{FAE04EC0-301F-11D3-BF4B-00C04F79EFBC}") = "AgendaVeterinaria1", "AgendaVeterinaria1\AgendaVeterinaria1.csproj", "{BE2CEF42-BB27-4ACE-BCBD-432452C149BE}"
EndProject
Global
	GlobalSection(SolutionConfigurationPlatforms) = preSolution
		Debug|Any CPU = Debug|Any CPU
		Release|Any CPU = Release|Any CPU
	EndGlobalSection
	GlobalSection(ProjectConfigurationPlatforms) = postSolution
		{BE2CEF42-BB27-4ACE-BCBD-432452C149BE}.Debug|Any CPU.ActiveCfg = Debug|Any CPU
		{BE2CEF42-BB27-4ACE-BCBD-432452C149BE}.Debug|Any CPU.Build.0 = Debug|Any CPU
		{BE2CEF42-BB27-4ACE-BCBD-432452C149BE}.Release|Any CPU.ActiveCfg = Release|Any CPU
		{BE2CEF42-BB27-4ACE-BCBD-432452C149BE}.Release|Any CPU.Build.0 = Release|Any CPU
	EndGlobalSection
	GlobalSection(SolutionProperties) = preSolution
		HideSolutionNode = FALSE
	EndGlobalSection
	GlobalSection(ExtensibilityGlobals) = postSolution
		SolutionGuid = {CC760E65-6953-4CB2-AF8A-7C03509F71D4}
	EndGlobalSection
EndGlobal
